// !$*UTF8*$!
{
	archiveVersion = 1;
	classes = {
	};
	objectVersion = 50;
	objects = {

/* Begin PBXBuildFile section */
		3D0488822213B56800B96CD3 /* DataManager.swift in Sources */ = {isa = PBXBuildFile; fileRef = 3D0488812213B56800B96CD3 /* DataManager.swift */; };
		3D0488842213B79700B96CD3 /* ServerResponse.swift in Sources */ = {isa = PBXBuildFile; fileRef = 3D0488832213B79700B96CD3 /* ServerResponse.swift */; };
		3D0488862213B95800B96CD3 /* UserModel.swift in Sources */ = {isa = PBXBuildFile; fileRef = 3D0488852213B95800B96CD3 /* UserModel.swift */; };
		3D18B373221BCA4F0017381F /* Utils.swift in Sources */ = {isa = PBXBuildFile; fileRef = 3D18B372221BCA4F0017381F /* Utils.swift */; };
		3D18B375221BCABC0017381F /* UIViewController.swift in Sources */ = {isa = PBXBuildFile; fileRef = 3D18B374221BCABC0017381F /* UIViewController.swift */; };
		3D3CED7F2212F4EC00C07AB9 /* AppDelegate.swift in Sources */ = {isa = PBXBuildFile; fileRef = 3D3CED7E2212F4EC00C07AB9 /* AppDelegate.swift */; };
		3D3CED812212F4EC00C07AB9 /* ViewController.swift in Sources */ = {isa = PBXBuildFile; fileRef = 3D3CED802212F4EC00C07AB9 /* ViewController.swift */; };
		3D3CED842212F4EC00C07AB9 /* Main.storyboard in Resources */ = {isa = PBXBuildFile; fileRef = 3D3CED822212F4EC00C07AB9 /* Main.storyboard */; };
		3D3CED862212F4EC00C07AB9 /* Assets.xcassets in Resources */ = {isa = PBXBuildFile; fileRef = 3D3CED852212F4EC00C07AB9 /* Assets.xcassets */; };
		3D3CED892212F4EC00C07AB9 /* LaunchScreen.storyboard in Resources */ = {isa = PBXBuildFile; fileRef = 3D3CED872212F4EC00C07AB9 /* LaunchScreen.storyboard */; };
		3D3CED942212F4EC00C07AB9 /* MindValleyDemoAppTests.swift in Sources */ = {isa = PBXBuildFile; fileRef = 3D3CED932212F4EC00C07AB9 /* MindValleyDemoAppTests.swift */; };
		3D3CED9F2212F4ED00C07AB9 /* MindValleyDemoAppUITests.swift in Sources */ = {isa = PBXBuildFile; fileRef = 3D3CED9E2212F4ED00C07AB9 /* MindValleyDemoAppUITests.swift */; };
		3D3CEDB62212FC5800C07AB9 /* NetworkRequest.swift in Sources */ = {isa = PBXBuildFile; fileRef = 3D3CEDB52212FC5800C07AB9 /* NetworkRequest.swift */; };
		3D3CEDB82212FD4700C07AB9 /* NetworkRequestHelper.swift in Sources */ = {isa = PBXBuildFile; fileRef = 3D3CEDB72212FD4700C07AB9 /* NetworkRequestHelper.swift */; };
		3D3CEDBA2212FD6600C07AB9 /* Reachability.swift in Sources */ = {isa = PBXBuildFile; fileRef = 3D3CEDB92212FD6600C07AB9 /* Reachability.swift */; };
		3D3CEDBC2212FD8E00C07AB9 /* Parser.swift in Sources */ = {isa = PBXBuildFile; fileRef = 3D3CEDBB2212FD8E00C07AB9 /* Parser.swift */; };
		3D3CEDBF2213083600C07AB9 /* Messages.swift in Sources */ = {isa = PBXBuildFile; fileRef = 3D3CEDBE2213083600C07AB9 /* Messages.swift */; };
		3D85287B221544060066899D /* HomeTableViewCell.swift in Sources */ = {isa = PBXBuildFile; fileRef = 3D85287A221544060066899D /* HomeTableViewCell.swift */; };
		3D85287F221547AC0066899D /* ShadowView.swift in Sources */ = {isa = PBXBuildFile; fileRef = 3D85287E221547AC0066899D /* ShadowView.swift */; };
		3D8528822215AFA30066899D /* UITableViewCell.swift in Sources */ = {isa = PBXBuildFile; fileRef = 3D8528812215AFA30066899D /* UITableViewCell.swift */; };
		3DB8DDF82218FE0D00CA87B5 /* NoDataTableViewCell.swift in Sources */ = {isa = PBXBuildFile; fileRef = 3DB8DDF62218FE0D00CA87B5 /* NoDataTableViewCell.swift */; };
		3DB8DDF92218FE0D00CA87B5 /* NoDataTableViewCell.xib in Resources */ = {isa = PBXBuildFile; fileRef = 3DB8DDF72218FE0D00CA87B5 /* NoDataTableViewCell.xib */; };
		3DB8DDFC221A916F00CA87B5 /* ImageCacheManager.swift in Sources */ = {isa = PBXBuildFile; fileRef = 3DB8DDFB221A916F00CA87B5 /* ImageCacheManager.swift */; };
/* End PBXBuildFile section */

/* Begin PBXContainerItemProxy section */
		3D3CED902212F4EC00C07AB9 /* PBXContainerItemProxy */ = {
			isa = PBXContainerItemProxy;
			containerPortal = 3D3CED732212F4EC00C07AB9 /* Project object */;
			proxyType = 1;
			remoteGlobalIDString = 3D3CED7A2212F4EC00C07AB9;
			remoteInfo = MindValleyDemoApp;
		};
		3D3CED9B2212F4ED00C07AB9 /* PBXContainerItemProxy */ = {
			isa = PBXContainerItemProxy;
			containerPortal = 3D3CED732212F4EC00C07AB9 /* Project object */;
			proxyType = 1;
			remoteGlobalIDString = 3D3CED7A2212F4EC00C07AB9;
			remoteInfo = MindValleyDemoApp;
		};
/* End PBXContainerItemProxy section */

/* Begin PBXFileReference section */
		3D0488812213B56800B96CD3 /* DataManager.swift */ = {isa = PBXFileReference; lastKnownFileType = sourcecode.swift; path = DataManager.swift; sourceTree = "<group>"; };
		3D0488832213B79700B96CD3 /* ServerResponse.swift */ = {isa = PBXFileReference; lastKnownFileType = sourcecode.swift; path = ServerResponse.swift; sourceTree = "<group>"; };
		3D0488852213B95800B96CD3 /* UserModel.swift */ = {isa = PBXFileReference; lastKnownFileType = sourcecode.swift; path = UserModel.swift; sourceTree = "<group>"; };
		3D18B372221BCA4F0017381F /* Utils.swift */ = {isa = PBXFileReference; lastKnownFileType = sourcecode.swift; path = Utils.swift; sourceTree = "<group>"; };
		3D18B374221BCABC0017381F /* UIViewController.swift */ = {isa = PBXFileReference; lastKnownFileType = sourcecode.swift; path = UIViewController.swift; sourceTree = "<group>"; };
		3D3CED7B2212F4EC00C07AB9 /* MindValleyDemoApp.app */ = {isa = PBXFileReference; explicitFileType = wrapper.application; includeInIndex = 0; path = MindValleyDemoApp.app; sourceTree = BUILT_PRODUCTS_DIR; };
		3D3CED7E2212F4EC00C07AB9 /* AppDelegate.swift */ = {isa = PBXFileReference; lastKnownFileType = sourcecode.swift; path = AppDelegate.swift; sourceTree = "<group>"; };
		3D3CED802212F4EC00C07AB9 /* ViewController.swift */ = {isa = PBXFileReference; lastKnownFileType = sourcecode.swift; path = ViewController.swift; sourceTree = "<group>"; };
		3D3CED832212F4EC00C07AB9 /* Base */ = {isa = PBXFileReference; lastKnownFileType = file.storyboard; name = Base; path = Base.lproj/Main.storyboard; sourceTree = "<group>"; };
		3D3CED852212F4EC00C07AB9 /* Assets.xcassets */ = {isa = PBXFileReference; lastKnownFileType = folder.assetcatalog; path = Assets.xcassets; sourceTree = "<group>"; };
		3D3CED882212F4EC00C07AB9 /* Base */ = {isa = PBXFileReference; lastKnownFileType = file.storyboard; name = Base; path = Base.lproj/LaunchScreen.storyboard; sourceTree = "<group>"; };
		3D3CED8A2212F4EC00C07AB9 /* Info.plist */ = {isa = PBXFileReference; lastKnownFileType = text.plist.xml; path = Info.plist; sourceTree = "<group>"; };
		3D3CED8F2212F4EC00C07AB9 /* MindValleyDemoAppTests.xctest */ = {isa = PBXFileReference; explicitFileType = wrapper.cfbundle; includeInIndex = 0; path = MindValleyDemoAppTests.xctest; sourceTree = BUILT_PRODUCTS_DIR; };
		3D3CED932212F4EC00C07AB9 /* MindValleyDemoAppTests.swift */ = {isa = PBXFileReference; lastKnownFileType = sourcecode.swift; path = MindValleyDemoAppTests.swift; sourceTree = "<group>"; };
		3D3CED952212F4ED00C07AB9 /* Info.plist */ = {isa = PBXFileReference; lastKnownFileType = text.plist.xml; path = Info.plist; sourceTree = "<group>"; };
		3D3CED9A2212F4ED00C07AB9 /* MindValleyDemoAppUITests.xctest */ = {isa = PBXFileReference; explicitFileType = wrapper.cfbundle; includeInIndex = 0; path = MindValleyDemoAppUITests.xctest; sourceTree = BUILT_PRODUCTS_DIR; };
		3D3CED9E2212F4ED00C07AB9 /* MindValleyDemoAppUITests.swift */ = {isa = PBXFileReference; lastKnownFileType = sourcecode.swift; path = MindValleyDemoAppUITests.swift; sourceTree = "<group>"; };
		3D3CEDA02212F4ED00C07AB9 /* Info.plist */ = {isa = PBXFileReference; lastKnownFileType = text.plist.xml; path = Info.plist; sourceTree = "<group>"; };
		3D3CEDB52212FC5800C07AB9 /* NetworkRequest.swift */ = {isa = PBXFileReference; lastKnownFileType = sourcecode.swift; path = NetworkRequest.swift; sourceTree = "<group>"; };
		3D3CEDB72212FD4700C07AB9 /* NetworkRequestHelper.swift */ = {isa = PBXFileReference; lastKnownFileType = sourcecode.swift; path = NetworkRequestHelper.swift; sourceTree = "<group>"; };
		3D3CEDB92212FD6600C07AB9 /* Reachability.swift */ = {isa = PBXFileReference; lastKnownFileType = sourcecode.swift; path = Reachability.swift; sourceTree = "<group>"; };
		3D3CEDBB2212FD8E00C07AB9 /* Parser.swift */ = {isa = PBXFileReference; lastKnownFileType = sourcecode.swift; path = Parser.swift; sourceTree = "<group>"; };
		3D3CEDBE2213083600C07AB9 /* Messages.swift */ = {isa = PBXFileReference; lastKnownFileType = sourcecode.swift; path = Messages.swift; sourceTree = "<group>"; };
		3D85287A221544060066899D /* HomeTableViewCell.swift */ = {isa = PBXFileReference; lastKnownFileType = sourcecode.swift; path = HomeTableViewCell.swift; sourceTree = "<group>"; };
		3D85287E221547AC0066899D /* ShadowView.swift */ = {isa = PBXFileReference; lastKnownFileType = sourcecode.swift; path = ShadowView.swift; sourceTree = "<group>"; };
		3D8528812215AFA30066899D /* UITableViewCell.swift */ = {isa = PBXFileReference; lastKnownFileType = sourcecode.swift; path = UITableViewCell.swift; sourceTree = "<group>"; };
		3DB8DDF62218FE0D00CA87B5 /* NoDataTableViewCell.swift */ = {isa = PBXFileReference; fileEncoding = 4; lastKnownFileType = sourcecode.swift; path = NoDataTableViewCell.swift; sourceTree = "<group>"; };
		3DB8DDF72218FE0D00CA87B5 /* NoDataTableViewCell.xib */ = {isa = PBXFileReference; fileEncoding = 4; lastKnownFileType = file.xib; path = NoDataTableViewCell.xib; sourceTree = "<group>"; };
		3DB8DDFB221A916F00CA87B5 /* ImageCacheManager.swift */ = {isa = PBXFileReference; lastKnownFileType = sourcecode.swift; path = ImageCacheManager.swift; sourceTree = "<group>"; };
/* End PBXFileReference section */

/* Begin PBXFrameworksBuildPhase section */
		3D3CED782212F4EC00C07AB9 /* Frameworks */ = {
			isa = PBXFrameworksBuildPhase;
			buildActionMask = 2147483647;
			files = (
			);
			runOnlyForDeploymentPostprocessing = 0;
		};
		3D3CED8C2212F4EC00C07AB9 /* Frameworks */ = {
			isa = PBXFrameworksBuildPhase;
			buildActionMask = 2147483647;
			files = (
			);
			runOnlyForDeploymentPostprocessing = 0;
		};
		3D3CED972212F4ED00C07AB9 /* Frameworks */ = {
			isa = PBXFrameworksBuildPhase;
			buildActionMask = 2147483647;
			files = (
			);
			runOnlyForDeploymentPostprocessing = 0;
		};
/* End PBXFrameworksBuildPhase section */

/* Begin PBXGroup section */
		3D0488802213B54E00B96CD3 /* Data Manager */ = {
			isa = PBXGroup;
			children = (
				3D0488812213B56800B96CD3 /* DataManager.swift */,
			);
			path = "Data Manager";
			sourceTree = "<group>";
		};
		3D18B371221BCA390017381F /* Utils */ = {
			isa = PBXGroup;
			children = (
				3D18B372221BCA4F0017381F /* Utils.swift */,
			);
			path = Utils;
			sourceTree = "<group>";
		};
		3D3CED722212F4EC00C07AB9 = {
			isa = PBXGroup;
			children = (
				3D3CED7D2212F4EC00C07AB9 /* MindValleyDemoApp */,
				3D3CED922212F4EC00C07AB9 /* MindValleyDemoAppTests */,
				3D3CED9D2212F4ED00C07AB9 /* MindValleyDemoAppUITests */,
				3D3CED7C2212F4EC00C07AB9 /* Products */,
			);
			sourceTree = "<group>";
		};
		3D3CED7C2212F4EC00C07AB9 /* Products */ = {
			isa = PBXGroup;
			children = (
				3D3CED7B2212F4EC00C07AB9 /* MindValleyDemoApp.app */,
				3D3CED8F2212F4EC00C07AB9 /* MindValleyDemoAppTests.xctest */,
				3D3CED9A2212F4ED00C07AB9 /* MindValleyDemoAppUITests.xctest */,
			);
			name = Products;
			sourceTree = "<group>";
		};
		3D3CED7D2212F4EC00C07AB9 /* MindValleyDemoApp */ = {
			isa = PBXGroup;
			children = (
				3D3CEDB12212F7B800C07AB9 /* Library */,
				3D3CEDAF2212F71E00C07AB9 /* Source */,
				3D3CEDB02212F73400C07AB9 /* Resource */,
			);
			path = MindValleyDemoApp;
			sourceTree = "<group>";
		};
		3D3CED922212F4EC00C07AB9 /* MindValleyDemoAppTests */ = {
			isa = PBXGroup;
			children = (
				3D3CED932212F4EC00C07AB9 /* MindValleyDemoAppTests.swift */,
				3D3CED952212F4ED00C07AB9 /* Info.plist */,
			);
			path = MindValleyDemoAppTests;
			sourceTree = "<group>";
		};
		3D3CED9D2212F4ED00C07AB9 /* MindValleyDemoAppUITests */ = {
			isa = PBXGroup;
			children = (
				3D3CED9E2212F4ED00C07AB9 /* MindValleyDemoAppUITests.swift */,
				3D3CEDA02212F4ED00C07AB9 /* Info.plist */,
			);
			path = MindValleyDemoAppUITests;
			sourceTree = "<group>";
		};
		3D3CEDAC2212F69900C07AB9 /* ViewControllers */ = {
			isa = PBXGroup;
			children = (
				3D3CED802212F4EC00C07AB9 /* ViewController.swift */,
			);
			path = ViewControllers;
			sourceTree = "<group>";
		};
		3D3CEDAD2212F6F600C07AB9 /* Model */ = {
			isa = PBXGroup;
			children = (
				3D0488832213B79700B96CD3 /* ServerResponse.swift */,
				3D0488852213B95800B96CD3 /* UserModel.swift */,
			);
			path = Model;
			sourceTree = "<group>";
		};
		3D3CEDAE2212F70600C07AB9 /* View */ = {
			isa = PBXGroup;
			children = (
				3D85287A221544060066899D /* HomeTableViewCell.swift */,
			);
			path = View;
			sourceTree = "<group>";
		};
		3D3CEDAF2212F71E00C07AB9 /* Source */ = {
			isa = PBXGroup;
			children = (
				3D85287C221547890066899D /* Common */,
				3D3CED7E2212F4EC00C07AB9 /* AppDelegate.swift */,
				3D3CEDB42212F80D00C07AB9 /* Helpers */,
				3D3CEDB32212F80300C07AB9 /* Backend */,
				3D3CEDAD2212F6F600C07AB9 /* Model */,
				3D3CEDAE2212F70600C07AB9 /* View */,
				3D3CEDAC2212F69900C07AB9 /* ViewControllers */,
			);
			path = Source;
			sourceTree = "<group>";
		};
		3D3CEDB02212F73400C07AB9 /* Resource */ = {
			isa = PBXGroup;
			children = (
				3D3CEDB22212F7D400C07AB9 /* Storyboard */,
				3D3CED852212F4EC00C07AB9 /* Assets.xcassets */,
				3D3CED8A2212F4EC00C07AB9 /* Info.plist */,
			);
			path = Resource;
			sourceTree = "<group>";
		};
		3D3CEDB12212F7B800C07AB9 /* Library */ = {
			isa = PBXGroup;
			children = (
				3DB8DDFB221A916F00CA87B5 /* ImageCacheManager.swift */,
			);
			path = Library;
			sourceTree = "<group>";
		};
		3D3CEDB22212F7D400C07AB9 /* Storyboard */ = {
			isa = PBXGroup;
			children = (
				3D3CED872212F4EC00C07AB9 /* LaunchScreen.storyboard */,
				3D3CED822212F4EC00C07AB9 /* Main.storyboard */,
			);
			path = Storyboard;
			sourceTree = "<group>";
		};
		3D3CEDB32212F80300C07AB9 /* Backend */ = {
			isa = PBXGroup;
			children = (
				3D0488802213B54E00B96CD3 /* Data Manager */,
				3D3CEDBD2212FF1200C07AB9 /* Network Manager */,
			);
			path = Backend;
			sourceTree = "<group>";
		};
		3D3CEDB42212F80D00C07AB9 /* Helpers */ = {
			isa = PBXGroup;
			children = (
				3D3CEDBE2213083600C07AB9 /* Messages.swift */,
			);
			path = Helpers;
			sourceTree = "<group>";
		};
		3D3CEDBD2212FF1200C07AB9 /* Network Manager */ = {
			isa = PBXGroup;
			children = (
				3D3CEDB52212FC5800C07AB9 /* NetworkRequest.swift */,
				3D3CEDB72212FD4700C07AB9 /* NetworkRequestHelper.swift */,
				3D3CEDB92212FD6600C07AB9 /* Reachability.swift */,
				3D3CEDBB2212FD8E00C07AB9 /* Parser.swift */,
			);
			path = "Network Manager";
			sourceTree = "<group>";
		};
		3D85287C221547890066899D /* Common */ = {
			isa = PBXGroup;
			children = (
				3D18B371221BCA390017381F /* Utils */,
				3D8528802215AF870066899D /* Extensions */,
				3D85287D221547930066899D /* View */,
			);
			path = Common;
			sourceTree = "<group>";
		};
		3D85287D221547930066899D /* View */ = {
			isa = PBXGroup;
			children = (
				3DB8DDFA22190F7900CA87B5 /* TableviewCell */,
				3D85287E221547AC0066899D /* ShadowView.swift */,
			);
			path = View;
			sourceTree = "<group>";
		};
		3D8528802215AF870066899D /* Extensions */ = {
			isa = PBXGroup;
			children = (
				3D8528812215AFA30066899D /* UITableViewCell.swift */,
				3D18B374221BCABC0017381F /* UIViewController.swift */,
			);
			path = Extensions;
			sourceTree = "<group>";
		};
		3DB8DDFA22190F7900CA87B5 /* TableviewCell */ = {
			isa = PBXGroup;
			children = (
				3DB8DDF62218FE0D00CA87B5 /* NoDataTableViewCell.swift */,
				3DB8DDF72218FE0D00CA87B5 /* NoDataTableViewCell.xib */,
			);
			path = TableviewCell;
			sourceTree = "<group>";
		};
/* End PBXGroup section */

/* Begin PBXNativeTarget section */
		3D3CED7A2212F4EC00C07AB9 /* MindValleyDemoApp */ = {
			isa = PBXNativeTarget;
			buildConfigurationList = 3D3CEDA32212F4ED00C07AB9 /* Build configuration list for PBXNativeTarget "MindValleyDemoApp" */;
			buildPhases = (
				3D3CED772212F4EC00C07AB9 /* Sources */,
				3D3CED782212F4EC00C07AB9 /* Frameworks */,
				3D3CED792212F4EC00C07AB9 /* Resources */,
			);
			buildRules = (
			);
			dependencies = (
			);
			name = MindValleyDemoApp;
			productName = MindValleyDemoApp;
			productReference = 3D3CED7B2212F4EC00C07AB9 /* MindValleyDemoApp.app */;
			productType = "com.apple.product-type.application";
		};
		3D3CED8E2212F4EC00C07AB9 /* MindValleyDemoAppTests */ = {
			isa = PBXNativeTarget;
			buildConfigurationList = 3D3CEDA62212F4ED00C07AB9 /* Build configuration list for PBXNativeTarget "MindValleyDemoAppTests" */;
			buildPhases = (
				3D3CED8B2212F4EC00C07AB9 /* Sources */,
				3D3CED8C2212F4EC00C07AB9 /* Frameworks */,
				3D3CED8D2212F4EC00C07AB9 /* Resources */,
			);
			buildRules = (
			);
			dependencies = (
				3D3CED912212F4EC00C07AB9 /* PBXTargetDependency */,
			);
			name = MindValleyDemoAppTests;
			productName = MindValleyDemoAppTests;
			productReference = 3D3CED8F2212F4EC00C07AB9 /* MindValleyDemoAppTests.xctest */;
			productType = "com.apple.product-type.bundle.unit-test";
		};
		3D3CED992212F4ED00C07AB9 /* MindValleyDemoAppUITests */ = {
			isa = PBXNativeTarget;
			buildConfigurationList = 3D3CEDA92212F4ED00C07AB9 /* Build configuration list for PBXNativeTarget "MindValleyDemoAppUITests" */;
			buildPhases = (
				3D3CED962212F4ED00C07AB9 /* Sources */,
				3D3CED972212F4ED00C07AB9 /* Frameworks */,
				3D3CED982212F4ED00C07AB9 /* Resources */,
			);
			buildRules = (
			);
			dependencies = (
				3D3CED9C2212F4ED00C07AB9 /* PBXTargetDependency */,
			);
			name = MindValleyDemoAppUITests;
			productName = MindValleyDemoAppUITests;
			productReference = 3D3CED9A2212F4ED00C07AB9 /* MindValleyDemoAppUITests.xctest */;
			productType = "com.apple.product-type.bundle.ui-testing";
		};
/* End PBXNativeTarget section */

/* Begin PBXProject section */
		3D3CED732212F4EC00C07AB9 /* Project object */ = {
			isa = PBXProject;
			attributes = {
				LastSwiftUpdateCheck = 1010;
				LastUpgradeCheck = 1010;
				ORGANIZATIONNAME = pranil;
				TargetAttributes = {
					3D3CED7A2212F4EC00C07AB9 = {
						CreatedOnToolsVersion = 10.1;
					};
					3D3CED8E2212F4EC00C07AB9 = {
						CreatedOnToolsVersion = 10.1;
						TestTargetID = 3D3CED7A2212F4EC00C07AB9;
					};
					3D3CED992212F4ED00C07AB9 = {
						CreatedOnToolsVersion = 10.1;
						TestTargetID = 3D3CED7A2212F4EC00C07AB9;
					};
				};
			};
			buildConfigurationList = 3D3CED762212F4EC00C07AB9 /* Build configuration list for PBXProject "MindValleyDemoApp" */;
			compatibilityVersion = "Xcode 9.3";
			developmentRegion = en;
			hasScannedForEncodings = 0;
			knownRegions = (
				en,
				Base,
			);
			mainGroup = 3D3CED722212F4EC00C07AB9;
			productRefGroup = 3D3CED7C2212F4EC00C07AB9 /* Products */;
			projectDirPath = "";
			projectRoot = "";
			targets = (
				3D3CED7A2212F4EC00C07AB9 /* MindValleyDemoApp */,
				3D3CED8E2212F4EC00C07AB9 /* MindValleyDemoAppTests */,
				3D3CED992212F4ED00C07AB9 /* MindValleyDemoAppUITests */,
			);
		};
/* End PBXProject section */

/* Begin PBXResourcesBuildPhase section */
		3D3CED792212F4EC00C07AB9 /* Resources */ = {
			isa = PBXResourcesBuildPhase;
			buildActionMask = 2147483647;
			files = (
				3D3CED892212F4EC00C07AB9 /* LaunchScreen.storyboard in Resources */,
				3D3CED862212F4EC00C07AB9 /* Assets.xcassets in Resources */,
				3DB8DDF92218FE0D00CA87B5 /* NoDataTableViewCell.xib in Resources */,
				3D3CED842212F4EC00C07AB9 /* Main.storyboard in Resources */,
			);
			runOnlyForDeploymentPostprocessing = 0;
		};
		3D3CED8D2212F4EC00C07AB9 /* Resources */ = {
			isa = PBXResourcesBuildPhase;
			buildActionMask = 2147483647;
			files = (
			);
			runOnlyForDeploymentPostprocessing = 0;
		};
		3D3CED982212F4ED00C07AB9 /* Resources */ = {
			isa = PBXResourcesBuildPhase;
			buildActionMask = 2147483647;
			files = (
			);
			runOnlyForDeploymentPostprocessing = 0;
		};
/* End PBXResourcesBuildPhase section */

/* Begin PBXSourcesBuildPhase section */
		3D3CED772212F4EC00C07AB9 /* Sources */ = {
			isa = PBXSourcesBuildPhase;
			buildActionMask = 2147483647;
			files = (
				3D85287F221547AC0066899D /* ShadowView.swift in Sources */,
				3D3CEDB82212FD4700C07AB9 /* NetworkRequestHelper.swift in Sources */,
				3DB8DDFC221A916F00CA87B5 /* ImageCacheManager.swift in Sources */,
				3D0488822213B56800B96CD3 /* DataManager.swift in Sources */,
				3D3CED812212F4EC00C07AB9 /* ViewController.swift in Sources */,
				3D3CEDBC2212FD8E00C07AB9 /* Parser.swift in Sources */,
				3D3CEDBF2213083600C07AB9 /* Messages.swift in Sources */,
				3D18B373221BCA4F0017381F /* Utils.swift in Sources */,
				3D18B375221BCABC0017381F /* UIViewController.swift in Sources */,
				3D85287B221544060066899D /* HomeTableViewCell.swift in Sources */,
				3D3CEDB62212FC5800C07AB9 /* NetworkRequest.swift in Sources */,
				3D3CEDBA2212FD6600C07AB9 /* Reachability.swift in Sources */,
				3D0488842213B79700B96CD3 /* ServerResponse.swift in Sources */,
				3DB8DDF82218FE0D00CA87B5 /* NoDataTableViewCell.swift in Sources */,
				3D0488862213B95800B96CD3 /* UserModel.swift in Sources */,
				3D3CED7F2212F4EC00C07AB9 /* AppDelegate.swift in Sources */,
				3D8528822215AFA30066899D /* UITableViewCell.swift in Sources */,
			);
			runOnlyForDeploymentPostprocessing = 0;
		};
		3D3CED8B2212F4EC00C07AB9 /* Sources */ = {
			isa = PBXSourcesBuildPhase;
			buildActionMask = 2147483647;
			files = (
				3D3CED942212F4EC00C07AB9 /* MindValleyDemoAppTests.swift in Sources */,
			);
			runOnlyForDeploymentPostprocessing = 0;
		};
		3D3CED962212F4ED00C07AB9 /* Sources */ = {
			isa = PBXSourcesBuildPhase;
			buildActionMask = 2147483647;
			files = (
				3D3CED9F2212F4ED00C07AB9 /* MindValleyDemoAppUITests.swift in Sources */,
			);
			runOnlyForDeploymentPostprocessing = 0;
		};
/* End PBXSourcesBuildPhase section */

/* Begin PBXTargetDependency section */
		3D3CED912212F4EC00C07AB9 /* PBXTargetDependency */ = {
			isa = PBXTargetDependency;
			target = 3D3CED7A2212F4EC00C07AB9 /* MindValleyDemoApp */;
			targetProxy = 3D3CED902212F4EC00C07AB9 /* PBXContainerItemProxy */;
		};
		3D3CED9C2212F4ED00C07AB9 /* PBXTargetDependency */ = {
			isa = PBXTargetDependency;
			target = 3D3CED7A2212F4EC00C07AB9 /* MindValleyDemoApp */;
			targetProxy = 3D3CED9B2212F4ED00C07AB9 /* PBXContainerItemProxy */;
		};
/* End PBXTargetDependency section */

/* Begin PBXVariantGroup section */
		3D3CED822212F4EC00C07AB9 /* Main.storyboard */ = {
			isa = PBXVariantGroup;
			children = (
				3D3CED832212F4EC00C07AB9 /* Base */,
			);
			name = Main.storyboard;
			sourceTree = "<group>";
		};
		3D3CED872212F4EC00C07AB9 /* LaunchScreen.storyboard */ = {
			isa = PBXVariantGroup;
			children = (
				3D3CED882212F4EC00C07AB9 /* Base */,
			);
			name = LaunchScreen.storyboard;
			sourceTree = "<group>";
		};
/* End PBXVariantGroup section */

/* Begin XCBuildConfiguration section */
		3D3CEDA12212F4ED00C07AB9 /* Debug */ = {
			isa = XCBuildConfiguration;
			buildSettings = {
				ALWAYS_SEARCH_USER_PATHS = NO;
				CLANG_ANALYZER_NONNULL = YES;
				CLANG_ANALYZER_NUMBER_OBJECT_CONVERSION = YES_AGGRESSIVE;
				CLANG_CXX_LANGUAGE_STANDARD = "gnu++14";
				CLANG_CXX_LIBRARY = "libc++";
				CLANG_ENABLE_MODULES = YES;
				CLANG_ENABLE_OBJC_ARC = YES;
				CLANG_ENABLE_OBJC_WEAK = YES;
				CLANG_WARN_BLOCK_CAPTURE_AUTORELEASING = YES;
				CLANG_WARN_BOOL_CONVERSION = YES;
				CLANG_WARN_COMMA = YES;
				CLANG_WARN_CONSTANT_CONVERSION = YES;
				CLANG_WARN_DEPRECATED_OBJC_IMPLEMENTATIONS = YES;
				CLANG_WARN_DIRECT_OBJC_ISA_USAGE = YES_ERROR;
				CLANG_WARN_DOCUMENTATION_COMMENTS = YES;
				CLANG_WARN_EMPTY_BODY = YES;
				CLANG_WARN_ENUM_CONVERSION = YES;
				CLANG_WARN_INFINITE_RECURSION = YES;
				CLANG_WARN_INT_CONVERSION = YES;
				CLANG_WARN_NON_LITERAL_NULL_CONVERSION = YES;
				CLANG_WARN_OBJC_IMPLICIT_RETAIN_SELF = YES;
				CLANG_WARN_OBJC_LITERAL_CONVERSION = YES;
				CLANG_WARN_OBJC_ROOT_CLASS = YES_ERROR;
				CLANG_WARN_RANGE_LOOP_ANALYSIS = YES;
				CLANG_WARN_STRICT_PROTOTYPES = YES;
				CLANG_WARN_SUSPICIOUS_MOVE = YES;
				CLANG_WARN_UNGUARDED_AVAILABILITY = YES_AGGRESSIVE;
				CLANG_WARN_UNREACHABLE_CODE = YES;
				CLANG_WARN__DUPLICATE_METHOD_MATCH = YES;
				CODE_SIGN_IDENTITY = "iPhone Developer";
				COPY_PHASE_STRIP = NO;
				DEBUG_INFORMATION_FORMAT = dwarf;
				ENABLE_STRICT_OBJC_MSGSEND = YES;
				ENABLE_TESTABILITY = YES;
				GCC_C_LANGUAGE_STANDARD = gnu11;
				GCC_DYNAMIC_NO_PIC = NO;
				GCC_NO_COMMON_BLOCKS = YES;
				GCC_OPTIMIZATION_LEVEL = 0;
				GCC_PREPROCESSOR_DEFINITIONS = (
					"DEBUG=1",
					"$(inherited)",
				);
				GCC_WARN_64_TO_32_BIT_CONVERSION = YES;
				GCC_WARN_ABOUT_RETURN_TYPE = YES_ERROR;
				GCC_WARN_UNDECLARED_SELECTOR = YES;
				GCC_WARN_UNINITIALIZED_AUTOS = YES_AGGRESSIVE;
				GCC_WARN_UNUSED_FUNCTION = YES;
				GCC_WARN_UNUSED_VARIABLE = YES;
				IPHONEOS_DEPLOYMENT_TARGET = 12.1;
				MTL_ENABLE_DEBUG_INFO = INCLUDE_SOURCE;
				MTL_FAST_MATH = YES;
				ONLY_ACTIVE_ARCH = YES;
				SDKROOT = iphoneos;
				SWIFT_ACTIVE_COMPILATION_CONDITIONS = DEBUG;
				SWIFT_OPTIMIZATION_LEVEL = "-Onone";
			};
			name = Debug;
		};
		3D3CEDA22212F4ED00C07AB9 /* Release */ = {
			isa = XCBuildConfiguration;
			buildSettings = {
				ALWAYS_SEARCH_USER_PATHS = NO;
				CLANG_ANALYZER_NONNULL = YES;
				CLANG_ANALYZER_NUMBER_OBJECT_CONVERSION = YES_AGGRESSIVE;
				CLANG_CXX_LANGUAGE_STANDARD = "gnu++14";
				CLANG_CXX_LIBRARY = "libc++";
				CLANG_ENABLE_MODULES = YES;
				CLANG_ENABLE_OBJC_ARC = YES;
				CLANG_ENABLE_OBJC_WEAK = YES;
				CLANG_WARN_BLOCK_CAPTURE_AUTORELEASING = YES;
				CLANG_WARN_BOOL_CONVERSION = YES;
				CLANG_WARN_COMMA = YES;
				CLANG_WARN_CONSTANT_CONVERSION = YES;
				CLANG_WARN_DEPRECATED_OBJC_IMPLEMENTATIONS = YES;
				CLANG_WARN_DIRECT_OBJC_ISA_USAGE = YES_ERROR;
				CLANG_WARN_DOCUMENTATION_COMMENTS = YES;
				CLANG_WARN_EMPTY_BODY = YES;
				CLANG_WARN_ENUM_CONVERSION = YES;
				CLANG_WARN_INFINITE_RECURSION = YES;
				CLANG_WARN_INT_CONVERSION = YES;
				CLANG_WARN_NON_LITERAL_NULL_CONVERSION = YES;
				CLANG_WARN_OBJC_IMPLICIT_RETAIN_SELF = YES;
				CLANG_WARN_OBJC_LITERAL_CONVERSION = YES;
				CLANG_WARN_OBJC_ROOT_CLASS = YES_ERROR;
				CLANG_WARN_RANGE_LOOP_ANALYSIS = YES;
				CLANG_WARN_STRICT_PROTOTYPES = YES;
				CLANG_WARN_SUSPICIOUS_MOVE = YES;
				CLANG_WARN_UNGUARDED_AVAILABILITY = YES_AGGRESSIVE;
				CLANG_WARN_UNREACHABLE_CODE = YES;
				CLANG_WARN__DUPLICATE_METHOD_MATCH = YES;
				CODE_SIGN_IDENTITY = "iPhone Developer";
				COPY_PHASE_STRIP = NO;
				DEBUG_INFORMATION_FORMAT = "dwarf-with-dsym";
				ENABLE_NS_ASSERTIONS = NO;
				ENABLE_STRICT_OBJC_MSGSEND = YES;
				GCC_C_LANGUAGE_STANDARD = gnu11;
				GCC_NO_COMMON_BLOCKS = YES;
				GCC_WARN_64_TO_32_BIT_CONVERSION = YES;
				GCC_WARN_ABOUT_RETURN_TYPE = YES_ERROR;
				GCC_WARN_UNDECLARED_SELECTOR = YES;
				GCC_WARN_UNINITIALIZED_AUTOS = YES_AGGRESSIVE;
				GCC_WARN_UNUSED_FUNCTION = YES;
				GCC_WARN_UNUSED_VARIABLE = YES;
				IPHONEOS_DEPLOYMENT_TARGET = 12.1;
				MTL_ENABLE_DEBUG_INFO = NO;
				MTL_FAST_MATH = YES;
				SDKROOT = iphoneos;
				SWIFT_COMPILATION_MODE = wholemodule;
				SWIFT_OPTIMIZATION_LEVEL = "-O";
				VALIDATE_PRODUCT = YES;
			};
			name = Release;
		};
		3D3CEDA42212F4ED00C07AB9 /* Debug */ = {
			isa = XCBuildConfiguration;
			buildSettings = {
				ASSETCATALOG_COMPILER_APPICON_NAME = AppIcon;
				CODE_SIGN_STYLE = Automatic;
				DEVELOPMENT_TEAM = C94P4T4MCM;
				INFOPLIST_FILE = "$(SRCROOT)/MindValleyDemoApp/Resource/Info.plist";
				LD_RUNPATH_SEARCH_PATHS = (
					"$(inherited)",
					"@executable_path/Frameworks",
				);
				PRODUCT_BUNDLE_IDENTIFIER = com.iPran.MindValleyDemoApp;
				PRODUCT_NAME = "$(TARGET_NAME)";
				SWIFT_VERSION = 4.2;
				TARGETED_DEVICE_FAMILY = "1,2";
			};
			name = Debug;
		};
		3D3CEDA52212F4ED00C07AB9 /* Release */ = {
			isa = XCBuildConfiguration;
			buildSettings = {
				ASSETCATALOG_COMPILER_APPICON_NAME = AppIcon;
				CODE_SIGN_STYLE = Automatic;
				DEVELOPMENT_TEAM = C94P4T4MCM;
				INFOPLIST_FILE = "$(SRCROOT)/MindValleyDemoApp/Resource/Info.plist";
				LD_RUNPATH_SEARCH_PATHS = (
					"$(inherited)",
					"@executable_path/Frameworks",
				);
				PRODUCT_BUNDLE_IDENTIFIER = com.iPran.MindValleyDemoApp;
				PRODUCT_NAME = "$(TARGET_NAME)";
				SWIFT_VERSION = 4.2;
				TARGETED_DEVICE_FAMILY = "1,2";
			};
			name = Release;
		};
		3D3CEDA72212F4ED00C07AB9 /* Debug */ = {
			isa = XCBuildConfiguration;
			buildSettings = {
				ALWAYS_EMBED_SWIFT_STANDARD_LIBRARIES = YES;
				BUNDLE_LOADER = "$(TEST_HOST)";
				CODE_SIGN_STYLE = Automatic;
				DEVELOPMENT_TEAM = C94P4T4MCM;
				INFOPLIST_FILE = MindValleyDemoAppTests/Info.plist;
				LD_RUNPATH_SEARCH_PATHS = (
					"$(inherited)",
					"@executable_path/Frameworks",
					"@loader_path/Frameworks",
				);
				PRODUCT_BUNDLE_IDENTIFIER = com.iPran.MindValleyDemoAppTests;
				PRODUCT_NAME = "$(TARGET_NAME)";
				SWIFT_VERSION = 4.2;
				TARGETED_DEVICE_FAMILY = "1,2";
				TEST_HOST = "$(BUILT_PRODUCTS_DIR)/MindValleyDemoApp.app/MindValleyDemoApp";
			};
			name = Debug;
		};
		3D3CEDA82212F4ED00C07AB9 /* Release */ = {
			isa = XCBuildConfiguration;
			buildSettings = {
				ALWAYS_EMBED_SWIFT_STANDARD_LIBRARIES = YES;
				BUNDLE_LOADER = "$(TEST_HOST)";
				CODE_SIGN_STYLE = Automatic;
				DEVELOPMENT_TEAM = C94P4T4MCM;
				INFOPLIST_FILE = MindValleyDemoAppTests/Info.plist;
				LD_RUNPATH_SEARCH_PATHS = (
					"$(inherited)",
					"@executable_path/Frameworks",
					"@loader_path/Frameworks",
				);
				PRODUCT_BUNDLE_IDENTIFIER = com.iPran.MindValleyDemoAppTests;
				PRODUCT_NAME = "$(TARGET_NAME)";
				SWIFT_VERSION = 4.2;
				TARGETED_DEVICE_FAMILY = "1,2";
				TEST_HOST = "$(BUILT_PRODUCTS_DIR)/MindValleyDemoApp.app/MindValleyDemoApp";
			};
			name = Release;
		};
		3D3CEDAA2212F4ED00C07AB9 /* Debug */ = {
			isa = XCBuildConfiguration;
			buildSettings = {
				ALWAYS_EMBED_SWIFT_STANDARD_LIBRARIES = YES;
				CODE_SIGN_STYLE = Automatic;
				DEVELOPMENT_TEAM = C94P4T4MCM;
				INFOPLIST_FILE = MindValleyDemoAppUITests/Info.plist;
				LD_RUNPATH_SEARCH_PATHS = (
					"$(inherited)",
					"@executable_path/Frameworks",
					"@loader_path/Frameworks",
				);
				PRODUCT_BUNDLE_IDENTIFIER = com.iPran.MindValleyDemoAppUITests;
				PRODUCT_NAME = "$(TARGET_NAME)";
				SWIFT_VERSION = 4.2;
				TARGETED_DEVICE_FAMILY = "1,2";
				TEST_TARGET_NAME = MindValleyDemoApp;
			};
			name = Debug;
		};
		3D3CEDAB2212F4ED00C07AB9 /* Release */ = {
			isa = XCBuildConfiguration;
			buildSettings = {
				ALWAYS_EMBED_SWIFT_STANDARD_LIBRARIES = YES;
				CODE_SIGN_STYLE = Automatic;
				DEVELOPMENT_TEAM = C94P4T4MCM;
				INFOPLIST_FILE = MindValleyDemoAppUITests/Info.plist;
				LD_RUNPATH_SEARCH_PATHS = (
					"$(inherited)",
					"@executable_path/Frameworks",
					"@loader_path/Frameworks",
				);
				PRODUCT_BUNDLE_IDENTIFIER = com.iPran.MindValleyDemoAppUITests;
				PRODUCT_NAME = "$(TARGET_NAME)";
				SWIFT_VERSION = 4.2;
				TARGETED_DEVICE_FAMILY = "1,2";
				TEST_TARGET_NAME = MindValleyDemoApp;
			};
			name = Release;
		};
/* End XCBuildConfiguration section */

/* Begin XCConfigurationList section */
		3D3CED762212F4EC00C07AB9 /* Build configuration list for PBXProject "MindValleyDemoApp" */ = {
			isa = XCConfigurationList;
			buildConfigurations = (
				3D3CEDA12212F4ED00C07AB9 /* Debug */,
				3D3CEDA22212F4ED00C07AB9 /* Release */,
			);
			defaultConfigurationIsVisible = 0;
			defaultConfigurationName = Release;
		};
		3D3CEDA32212F4ED00C07AB9 /* Build configuration list for PBXNativeTarget "MindValleyDemoApp" */ = {
			isa = XCConfigurationList;
			buildConfigurations = (
				3D3CEDA42212F4ED00C07AB9 /* Debug */,
				3D3CEDA52212F4ED00C07AB9 /* Release */,
			);
			defaultConfigurationIsVisible = 0;
			defaultConfigurationName = Release;
		};
		3D3CEDA62212F4ED00C07AB9 /* Build configuration list for PBXNativeTarget "MindValleyDemoAppTests" */ = {
			isa = XCConfigurationList;
			buildConfigurations = (
				3D3CEDA72212F4ED00C07AB9 /* Debug */,
				3D3CEDA82212F4ED00C07AB9 /* Release */,
			);
			defaultConfigurationIsVisible = 0;
			defaultConfigurationName = Release;
		};
		3D3CEDA92212F4ED00C07AB9 /* Build configuration list for PBXNativeTarget "MindValleyDemoAppUITests" */ = {
			isa = XCConfigurationList;
			buildConfigurations = (
				3D3CEDAA2212F4ED00C07AB9 /* Debug */,
				3D3CEDAB2212F4ED00C07AB9 /* Release */,
			);
			defaultConfigurationIsVisible = 0;
			defaultConfigurationName = Release;
		};
/* End XCConfigurationList section */
	};
	rootObject = 3D3CED732212F4EC00C07AB9 /* Project object */;
}
